// !$*UTF8*$!
{
	archiveVersion = 1;
	classes = {
	};
	objectVersion = 50;
	objects = {

/* Begin PBXBuildFile section */
		95DE32BA251A710F00B0406D /* StorageService.swift in Sources */ = {isa = PBXBuildFile; fileRef = 95DE32B9251A710F00B0406D /* StorageService.swift */; };
		95DE32BD251A8A8D00B0406D /* PresentationType.swift in Sources */ = {isa = PBXBuildFile; fileRef = 95DE32BC251A8A8D00B0406D /* PresentationType.swift */; };
		95DE32BF251A8DE700B0406D /* WelcomeProtocols.swift in Sources */ = {isa = PBXBuildFile; fileRef = 95DE32BE251A8DE700B0406D /* WelcomeProtocols.swift */; };
		95DE32C2251A97FE00B0406D /* DatePicker.swift in Sources */ = {isa = PBXBuildFile; fileRef = 95DE32C1251A97FE00B0406D /* DatePicker.swift */; };
		95DE32C4251A9BA300B0406D /* CommonToolbar.swift in Sources */ = {isa = PBXBuildFile; fileRef = 95DE32C3251A9BA300B0406D /* CommonToolbar.swift */; };
		95F2D6D5251A6BFA0049FFC9 /* AppDelegate.swift in Sources */ = {isa = PBXBuildFile; fileRef = 95F2D6D4251A6BFA0049FFC9 /* AppDelegate.swift */; };
		95F2D6D7251A6BFA0049FFC9 /* SceneDelegate.swift in Sources */ = {isa = PBXBuildFile; fileRef = 95F2D6D6251A6BFA0049FFC9 /* SceneDelegate.swift */; };
		95F2D6D9251A6BFA0049FFC9 /* WelcomeViewController.swift in Sources */ = {isa = PBXBuildFile; fileRef = 95F2D6D8251A6BFA0049FFC9 /* WelcomeViewController.swift */; };
		95F2D6DC251A6BFA0049FFC9 /* WelcomeViewController.storyboard in Resources */ = {isa = PBXBuildFile; fileRef = 95F2D6DA251A6BFA0049FFC9 /* WelcomeViewController.storyboard */; };
		95F2D6DE251A6BFB0049FFC9 /* Assets.xcassets in Resources */ = {isa = PBXBuildFile; fileRef = 95F2D6DD251A6BFB0049FFC9 /* Assets.xcassets */; };
		95F2D6E1251A6BFB0049FFC9 /* LaunchScreen.storyboard in Resources */ = {isa = PBXBuildFile; fileRef = 95F2D6DF251A6BFB0049FFC9 /* LaunchScreen.storyboard */; };
		95F2D6ED251A6D580049FFC9 /* AppCoordinator.swift in Sources */ = {isa = PBXBuildFile; fileRef = 95F2D6EC251A6D580049FFC9 /* AppCoordinator.swift */; };
		95F2D6EF251A6D8C0049FFC9 /* WelcomeRouter.swift in Sources */ = {isa = PBXBuildFile; fileRef = 95F2D6EE251A6D8C0049FFC9 /* WelcomeRouter.swift */; };
		95F2D6F2251A6E000049FFC9 /* Storyboard.swift in Sources */ = {isa = PBXBuildFile; fileRef = 95F2D6F1251A6E000049FFC9 /* Storyboard.swift */; };
		95F2D6F4251A6EB80049FFC9 /* WelcomePresenter.swift in Sources */ = {isa = PBXBuildFile; fileRef = 95F2D6F3251A6EB80049FFC9 /* WelcomePresenter.swift */; };
		95FB314F251BAF9E00B2BBDC /* ImagePicker.swift in Sources */ = {isa = PBXBuildFile; fileRef = 95FB314E251BAF9E00B2BBDC /* ImagePicker.swift */; };
		95FB3151251BC97300B2BBDC /* Date.swift in Sources */ = {isa = PBXBuildFile; fileRef = 95FB3150251BC97300B2BBDC /* Date.swift */; };
		95FB3154251BF32200B2BBDC /* BirthdayViewController.swift in Sources */ = {isa = PBXBuildFile; fileRef = 95FB3153251BF32100B2BBDC /* BirthdayViewController.swift */; };
		95FB3156251BF32900B2BBDC /* BirthdayViewController.storyboard in Resources */ = {isa = PBXBuildFile; fileRef = 95FB3155251BF32900B2BBDC /* BirthdayViewController.storyboard */; };
		95FB3158251BF36500B2BBDC /* BirthdayProtocols.swift in Sources */ = {isa = PBXBuildFile; fileRef = 95FB3157251BF36500B2BBDC /* BirthdayProtocols.swift */; };
		95FB315A251BF38700B2BBDC /* BirthdayPresenter.swift in Sources */ = {isa = PBXBuildFile; fileRef = 95FB3159251BF38700B2BBDC /* BirthdayPresenter.swift */; };
		95FB315C251BF41800B2BBDC /* BirthdayRouter.swift in Sources */ = {isa = PBXBuildFile; fileRef = 95FB315B251BF41800B2BBDC /* BirthdayRouter.swift */; };
/* End PBXBuildFile section */

/* Begin PBXFileReference section */
		95DE32B9251A710F00B0406D /* StorageService.swift */ = {isa = PBXFileReference; lastKnownFileType = sourcecode.swift; path = StorageService.swift; sourceTree = "<group>"; };
		95DE32BC251A8A8D00B0406D /* PresentationType.swift */ = {isa = PBXFileReference; lastKnownFileType = sourcecode.swift; path = PresentationType.swift; sourceTree = "<group>"; };
		95DE32BE251A8DE700B0406D /* WelcomeProtocols.swift */ = {isa = PBXFileReference; lastKnownFileType = sourcecode.swift; path = WelcomeProtocols.swift; sourceTree = "<group>"; };
		95DE32C1251A97FE00B0406D /* DatePicker.swift */ = {isa = PBXFileReference; lastKnownFileType = sourcecode.swift; path = DatePicker.swift; sourceTree = "<group>"; };
		95DE32C3251A9BA300B0406D /* CommonToolbar.swift */ = {isa = PBXFileReference; lastKnownFileType = sourcecode.swift; path = CommonToolbar.swift; sourceTree = "<group>"; };
		95F2D6D1251A6BFA0049FFC9 /* BabyBirthday.app */ = {isa = PBXFileReference; explicitFileType = wrapper.application; includeInIndex = 0; path = BabyBirthday.app; sourceTree = BUILT_PRODUCTS_DIR; };
		95F2D6D4251A6BFA0049FFC9 /* AppDelegate.swift */ = {isa = PBXFileReference; lastKnownFileType = sourcecode.swift; path = AppDelegate.swift; sourceTree = "<group>"; };
		95F2D6D6251A6BFA0049FFC9 /* SceneDelegate.swift */ = {isa = PBXFileReference; lastKnownFileType = sourcecode.swift; path = SceneDelegate.swift; sourceTree = "<group>"; };
		95F2D6D8251A6BFA0049FFC9 /* WelcomeViewController.swift */ = {isa = PBXFileReference; lastKnownFileType = sourcecode.swift; path = WelcomeViewController.swift; sourceTree = "<group>"; };
		95F2D6DB251A6BFA0049FFC9 /* Base */ = {isa = PBXFileReference; lastKnownFileType = file.storyboard; name = Base; path = Base.lproj/WelcomeViewController.storyboard; sourceTree = "<group>"; };
		95F2D6DD251A6BFB0049FFC9 /* Assets.xcassets */ = {isa = PBXFileReference; lastKnownFileType = folder.assetcatalog; path = Assets.xcassets; sourceTree = "<group>"; };
		95F2D6E0251A6BFB0049FFC9 /* Base */ = {isa = PBXFileReference; lastKnownFileType = file.storyboard; name = Base; path = Base.lproj/LaunchScreen.storyboard; sourceTree = "<group>"; };
		95F2D6E2251A6BFB0049FFC9 /* Info.plist */ = {isa = PBXFileReference; lastKnownFileType = text.plist.xml; path = Info.plist; sourceTree = "<group>"; };
		95F2D6EC251A6D580049FFC9 /* AppCoordinator.swift */ = {isa = PBXFileReference; lastKnownFileType = sourcecode.swift; path = AppCoordinator.swift; sourceTree = "<group>"; };
		95F2D6EE251A6D8C0049FFC9 /* WelcomeRouter.swift */ = {isa = PBXFileReference; lastKnownFileType = sourcecode.swift; path = WelcomeRouter.swift; sourceTree = "<group>"; };
		95F2D6F1251A6E000049FFC9 /* Storyboard.swift */ = {isa = PBXFileReference; lastKnownFileType = sourcecode.swift; path = Storyboard.swift; sourceTree = "<group>"; };
		95F2D6F3251A6EB80049FFC9 /* WelcomePresenter.swift */ = {isa = PBXFileReference; lastKnownFileType = sourcecode.swift; path = WelcomePresenter.swift; sourceTree = "<group>"; };
		95FB314E251BAF9E00B2BBDC /* ImagePicker.swift */ = {isa = PBXFileReference; lastKnownFileType = sourcecode.swift; path = ImagePicker.swift; sourceTree = "<group>"; };
		95FB3150251BC97300B2BBDC /* Date.swift */ = {isa = PBXFileReference; lastKnownFileType = sourcecode.swift; path = Date.swift; sourceTree = "<group>"; };
		95FB3153251BF32100B2BBDC /* BirthdayViewController.swift */ = {isa = PBXFileReference; lastKnownFileType = sourcecode.swift; path = BirthdayViewController.swift; sourceTree = "<group>"; };
		95FB3155251BF32900B2BBDC /* BirthdayViewController.storyboard */ = {isa = PBXFileReference; lastKnownFileType = file.storyboard; path = BirthdayViewController.storyboard; sourceTree = "<group>"; };
		95FB3157251BF36500B2BBDC /* BirthdayProtocols.swift */ = {isa = PBXFileReference; lastKnownFileType = sourcecode.swift; path = BirthdayProtocols.swift; sourceTree = "<group>"; };
		95FB3159251BF38700B2BBDC /* BirthdayPresenter.swift */ = {isa = PBXFileReference; lastKnownFileType = sourcecode.swift; path = BirthdayPresenter.swift; sourceTree = "<group>"; };
		95FB315B251BF41800B2BBDC /* BirthdayRouter.swift */ = {isa = PBXFileReference; lastKnownFileType = sourcecode.swift; path = BirthdayRouter.swift; sourceTree = "<group>"; };
/* End PBXFileReference section */

/* Begin PBXFrameworksBuildPhase section */
		95F2D6CE251A6BFA0049FFC9 /* Frameworks */ = {
			isa = PBXFrameworksBuildPhase;
			buildActionMask = 2147483647;
			files = (
			);
			runOnlyForDeploymentPostprocessing = 0;
		};
/* End PBXFrameworksBuildPhase section */

/* Begin PBXGroup section */
		95DE32B8251A70FE00B0406D /* Services */ = {
			isa = PBXGroup;
			children = (
				95DE32B9251A710F00B0406D /* StorageService.swift */,
				95FB314E251BAF9E00B2BBDC /* ImagePicker.swift */,
			);
			path = Services;
			sourceTree = "<group>";
		};
		95DE32BB251A8A7300B0406D /* Helpers */ = {
			isa = PBXGroup;
			children = (
				95DE32BC251A8A8D00B0406D /* PresentationType.swift */,
			);
			path = Helpers;
			sourceTree = "<group>";
		};
		95DE32C0251A97F100B0406D /* Views */ = {
			isa = PBXGroup;
			children = (
				95DE32C1251A97FE00B0406D /* DatePicker.swift */,
				95DE32C3251A9BA300B0406D /* CommonToolbar.swift */,
			);
			path = Views;
			sourceTree = "<group>";
		};
		95F2D6C8251A6BFA0049FFC9 = {
			isa = PBXGroup;
			children = (
				95F2D6D3251A6BFA0049FFC9 /* BabyBirthday */,
				95F2D6D2251A6BFA0049FFC9 /* Products */,
			);
			sourceTree = "<group>";
		};
		95F2D6D2251A6BFA0049FFC9 /* Products */ = {
			isa = PBXGroup;
			children = (
				95F2D6D1251A6BFA0049FFC9 /* BabyBirthday.app */,
			);
			name = Products;
			sourceTree = "<group>";
		};
		95F2D6D3251A6BFA0049FFC9 /* BabyBirthday */ = {
			isa = PBXGroup;
			children = (
				95DE32C0251A97F100B0406D /* Views */,
				95DE32BB251A8A7300B0406D /* Helpers */,
				95DE32B8251A70FE00B0406D /* Services */,
				95F2D6F0251A6DF00049FFC9 /* Extensions */,
				95F2D6EB251A6D3B0049FFC9 /* Flows */,
				95F2D6E9251A6CAF0049FFC9 /* ViewControllers */,
				95F2D6E8251A6C860049FFC9 /* main */,
				95F2D6DD251A6BFB0049FFC9 /* Assets.xcassets */,
				95F2D6E2251A6BFB0049FFC9 /* Info.plist */,
			);
			path = BabyBirthday;
			sourceTree = "<group>";
		};
		95F2D6E8251A6C860049FFC9 /* main */ = {
			isa = PBXGroup;
			children = (
				95F2D6DF251A6BFB0049FFC9 /* LaunchScreen.storyboard */,
				95F2D6D4251A6BFA0049FFC9 /* AppDelegate.swift */,
				95F2D6D6251A6BFA0049FFC9 /* SceneDelegate.swift */,
			);
			path = main;
			sourceTree = "<group>";
		};
		95F2D6E9251A6CAF0049FFC9 /* ViewControllers */ = {
			isa = PBXGroup;
			children = (
				95FB3152251BF30D00B2BBDC /* BirthdayViewController */,
				95F2D6EA251A6CC60049FFC9 /* WelcomeViewController */,
			);
			path = ViewControllers;
			sourceTree = "<group>";
		};
		95F2D6EA251A6CC60049FFC9 /* WelcomeViewController */ = {
			isa = PBXGroup;
			children = (
				95F2D6D8251A6BFA0049FFC9 /* WelcomeViewController.swift */,
				95F2D6F3251A6EB80049FFC9 /* WelcomePresenter.swift */,
				95F2D6EE251A6D8C0049FFC9 /* WelcomeRouter.swift */,
				95DE32BE251A8DE700B0406D /* WelcomeProtocols.swift */,
				95F2D6DA251A6BFA0049FFC9 /* WelcomeViewController.storyboard */,
			);
			path = WelcomeViewController;
			sourceTree = "<group>";
		};
		95F2D6EB251A6D3B0049FFC9 /* Flows */ = {
			isa = PBXGroup;
			children = (
				95F2D6EC251A6D580049FFC9 /* AppCoordinator.swift */,
			);
			path = Flows;
			sourceTree = "<group>";
		};
		95F2D6F0251A6DF00049FFC9 /* Extensions */ = {
			isa = PBXGroup;
			children = (
				95F2D6F1251A6E000049FFC9 /* Storyboard.swift */,
				95FB3150251BC97300B2BBDC /* Date.swift */,
			);
			path = Extensions;
			sourceTree = "<group>";
		};
		95FB3152251BF30D00B2BBDC /* BirthdayViewController */ = {
			isa = PBXGroup;
			children = (
				95FB3153251BF32100B2BBDC /* BirthdayViewController.swift */,
				95FB3159251BF38700B2BBDC /* BirthdayPresenter.swift */,
				95FB315B251BF41800B2BBDC /* BirthdayRouter.swift */,
				95FB3157251BF36500B2BBDC /* BirthdayProtocols.swift */,
				95FB3155251BF32900B2BBDC /* BirthdayViewController.storyboard */,
			);
			path = BirthdayViewController;
			sourceTree = "<group>";
		};
/* End PBXGroup section */

/* Begin PBXNativeTarget section */
		95F2D6D0251A6BFA0049FFC9 /* BabyBirthday */ = {
			isa = PBXNativeTarget;
			buildConfigurationList = 95F2D6E5251A6BFB0049FFC9 /* Build configuration list for PBXNativeTarget "BabyBirthday" */;
			buildPhases = (
				95F2D6CD251A6BFA0049FFC9 /* Sources */,
				95F2D6CE251A6BFA0049FFC9 /* Frameworks */,
				95F2D6CF251A6BFA0049FFC9 /* Resources */,
			);
			buildRules = (
			);
			dependencies = (
			);
			name = BabyBirthday;
			productName = BabyBirthday;
			productReference = 95F2D6D1251A6BFA0049FFC9 /* BabyBirthday.app */;
			productType = "com.apple.product-type.application";
		};
/* End PBXNativeTarget section */

/* Begin PBXProject section */
		95F2D6C9251A6BFA0049FFC9 /* Project object */ = {
			isa = PBXProject;
			attributes = {
				LastSwiftUpdateCheck = 1130;
				LastUpgradeCheck = 1130;
				ORGANIZATIONNAME = Nikolay;
				TargetAttributes = {
					95F2D6D0251A6BFA0049FFC9 = {
						CreatedOnToolsVersion = 11.3.1;
					};
				};
			};
			buildConfigurationList = 95F2D6CC251A6BFA0049FFC9 /* Build configuration list for PBXProject "BabyBirthday" */;
			compatibilityVersion = "Xcode 9.3";
			developmentRegion = en;
			hasScannedForEncodings = 0;
			knownRegions = (
				en,
				Base,
			);
			mainGroup = 95F2D6C8251A6BFA0049FFC9;
			productRefGroup = 95F2D6D2251A6BFA0049FFC9 /* Products */;
			projectDirPath = "";
			projectRoot = "";
			targets = (
				95F2D6D0251A6BFA0049FFC9 /* BabyBirthday */,
			);
		};
/* End PBXProject section */

/* Begin PBXResourcesBuildPhase section */
		95F2D6CF251A6BFA0049FFC9 /* Resources */ = {
			isa = PBXResourcesBuildPhase;
			buildActionMask = 2147483647;
			files = (
				95F2D6E1251A6BFB0049FFC9 /* LaunchScreen.storyboard in Resources */,
				95F2D6DE251A6BFB0049FFC9 /* Assets.xcassets in Resources */,
				95FB3156251BF32900B2BBDC /* BirthdayViewController.storyboard in Resources */,
				95F2D6DC251A6BFA0049FFC9 /* WelcomeViewController.storyboard in Resources */,
			);
			runOnlyForDeploymentPostprocessing = 0;
		};
/* End PBXResourcesBuildPhase section */

/* Begin PBXSourcesBuildPhase section */
		95F2D6CD251A6BFA0049FFC9 /* Sources */ = {
			isa = PBXSourcesBuildPhase;
			buildActionMask = 2147483647;
			files = (
				95FB314F251BAF9E00B2BBDC /* ImagePicker.swift in Sources */,
				95F2D6ED251A6D580049FFC9 /* AppCoordinator.swift in Sources */,
				95DE32BD251A8A8D00B0406D /* PresentationType.swift in Sources */,
				95DE32BF251A8DE700B0406D /* WelcomeProtocols.swift in Sources */,
				95F2D6D9251A6BFA0049FFC9 /* WelcomeViewController.swift in Sources */,
				95FB3154251BF32200B2BBDC /* BirthdayViewController.swift in Sources */,
				95F2D6F4251A6EB80049FFC9 /* WelcomePresenter.swift in Sources */,
				95F2D6D5251A6BFA0049FFC9 /* AppDelegate.swift in Sources */,
				95F2D6EF251A6D8C0049FFC9 /* WelcomeRouter.swift in Sources */,
				95FB315C251BF41800B2BBDC /* BirthdayRouter.swift in Sources */,
				95DE32C2251A97FE00B0406D /* DatePicker.swift in Sources */,
				95FB3151251BC97300B2BBDC /* Date.swift in Sources */,
				95DE32BA251A710F00B0406D /* StorageService.swift in Sources */,
				95F2D6F2251A6E000049FFC9 /* Storyboard.swift in Sources */,
				95DE32C4251A9BA300B0406D /* CommonToolbar.swift in Sources */,
				95FB315A251BF38700B2BBDC /* BirthdayPresenter.swift in Sources */,
				95FB3158251BF36500B2BBDC /* BirthdayProtocols.swift in Sources */,
				95F2D6D7251A6BFA0049FFC9 /* SceneDelegate.swift in Sources */,
			);
			runOnlyForDeploymentPostprocessing = 0;
		};
/* End PBXSourcesBuildPhase section */

/* Begin PBXVariantGroup section */
		95F2D6DA251A6BFA0049FFC9 /* WelcomeViewController.storyboard */ = {
			isa = PBXVariantGroup;
			children = (
				95F2D6DB251A6BFA0049FFC9 /* Base */,
			);
			name = WelcomeViewController.storyboard;
			sourceTree = "<group>";
		};
		95F2D6DF251A6BFB0049FFC9 /* LaunchScreen.storyboard */ = {
			isa = PBXVariantGroup;
			children = (
				95F2D6E0251A6BFB0049FFC9 /* Base */,
			);
			name = LaunchScreen.storyboard;
			sourceTree = "<group>";
		};
/* End PBXVariantGroup section */

/* Begin XCBuildConfiguration section */
		95F2D6E3251A6BFB0049FFC9 /* Debug */ = {
			isa = XCBuildConfiguration;
			buildSettings = {
				ALWAYS_SEARCH_USER_PATHS = NO;
				CLANG_ANALYZER_NONNULL = YES;
				CLANG_ANALYZER_NUMBER_OBJECT_CONVERSION = YES_AGGRESSIVE;
				CLANG_CXX_LANGUAGE_STANDARD = "gnu++14";
				CLANG_CXX_LIBRARY = "libc++";
				CLANG_ENABLE_MODULES = YES;
				CLANG_ENABLE_OBJC_ARC = YES;
				CLANG_ENABLE_OBJC_WEAK = YES;
				CLANG_WARN_BLOCK_CAPTURE_AUTORELEASING = YES;
				CLANG_WARN_BOOL_CONVERSION = YES;
				CLANG_WARN_COMMA = YES;
				CLANG_WARN_CONSTANT_CONVERSION = YES;
				CLANG_WARN_DEPRECATED_OBJC_IMPLEMENTATIONS = YES;
				CLANG_WARN_DIRECT_OBJC_ISA_USAGE = YES_ERROR;
				CLANG_WARN_DOCUMENTATION_COMMENTS = YES;
				CLANG_WARN_EMPTY_BODY = YES;
				CLANG_WARN_ENUM_CONVERSION = YES;
				CLANG_WARN_INFINITE_RECURSION = YES;
				CLANG_WARN_INT_CONVERSION = YES;
				CLANG_WARN_NON_LITERAL_NULL_CONVERSION = YES;
				CLANG_WARN_OBJC_IMPLICIT_RETAIN_SELF = YES;
				CLANG_WARN_OBJC_LITERAL_CONVERSION = YES;
				CLANG_WARN_OBJC_ROOT_CLASS = YES_ERROR;
				CLANG_WARN_RANGE_LOOP_ANALYSIS = YES;
				CLANG_WARN_STRICT_PROTOTYPES = YES;
				CLANG_WARN_SUSPICIOUS_MOVE = YES;
				CLANG_WARN_UNGUARDED_AVAILABILITY = YES_AGGRESSIVE;
				CLANG_WARN_UNREACHABLE_CODE = YES;
				CLANG_WARN__DUPLICATE_METHOD_MATCH = YES;
				COPY_PHASE_STRIP = NO;
				DEBUG_INFORMATION_FORMAT = dwarf;
				ENABLE_STRICT_OBJC_MSGSEND = YES;
				ENABLE_TESTABILITY = YES;
				GCC_C_LANGUAGE_STANDARD = gnu11;
				GCC_DYNAMIC_NO_PIC = NO;
				GCC_NO_COMMON_BLOCKS = YES;
				GCC_OPTIMIZATION_LEVEL = 0;
				GCC_PREPROCESSOR_DEFINITIONS = (
					"DEBUG=1",
					"$(inherited)",
				);
				GCC_WARN_64_TO_32_BIT_CONVERSION = YES;
				GCC_WARN_ABOUT_RETURN_TYPE = YES_ERROR;
				GCC_WARN_UNDECLARED_SELECTOR = YES;
				GCC_WARN_UNINITIALIZED_AUTOS = YES_AGGRESSIVE;
				GCC_WARN_UNUSED_FUNCTION = YES;
				GCC_WARN_UNUSED_VARIABLE = YES;
				IPHONEOS_DEPLOYMENT_TARGET = 13.2;
				MTL_ENABLE_DEBUG_INFO = INCLUDE_SOURCE;
				MTL_FAST_MATH = YES;
				ONLY_ACTIVE_ARCH = YES;
				SDKROOT = iphoneos;
				SWIFT_ACTIVE_COMPILATION_CONDITIONS = DEBUG;
				SWIFT_OPTIMIZATION_LEVEL = "-Onone";
			};
			name = Debug;
		};
		95F2D6E4251A6BFB0049FFC9 /* Release */ = {
			isa = XCBuildConfiguration;
			buildSettings = {
				ALWAYS_SEARCH_USER_PATHS = NO;
				CLANG_ANALYZER_NONNULL = YES;
				CLANG_ANALYZER_NUMBER_OBJECT_CONVERSION = YES_AGGRESSIVE;
				CLANG_CXX_LANGUAGE_STANDARD = "gnu++14";
				CLANG_CXX_LIBRARY = "libc++";
				CLANG_ENABLE_MODULES = YES;
				CLANG_ENABLE_OBJC_ARC = YES;
				CLANG_ENABLE_OBJC_WEAK = YES;
				CLANG_WARN_BLOCK_CAPTURE_AUTORELEASING = YES;
				CLANG_WARN_BOOL_CONVERSION = YES;
				CLANG_WARN_COMMA = YES;
				CLANG_WARN_CONSTANT_CONVERSION = YES;
				CLANG_WARN_DEPRECATED_OBJC_IMPLEMENTATIONS = YES;
				CLANG_WARN_DIRECT_OBJC_ISA_USAGE = YES_ERROR;
				CLANG_WARN_DOCUMENTATION_COMMENTS = YES;
				CLANG_WARN_EMPTY_BODY = YES;
				CLANG_WARN_ENUM_CONVERSION = YES;
				CLANG_WARN_INFINITE_RECURSION = YES;
				CLANG_WARN_INT_CONVERSION = YES;
				CLANG_WARN_NON_LITERAL_NULL_CONVERSION = YES;
				CLANG_WARN_OBJC_IMPLICIT_RETAIN_SELF = YES;
				CLANG_WARN_OBJC_LITERAL_CONVERSION = YES;
				CLANG_WARN_OBJC_ROOT_CLASS = YES_ERROR;
				CLANG_WARN_RANGE_LOOP_ANALYSIS = YES;
				CLANG_WARN_STRICT_PROTOTYPES = YES;
				CLANG_WARN_SUSPICIOUS_MOVE = YES;
				CLANG_WARN_UNGUARDED_AVAILABILITY = YES_AGGRESSIVE;
				CLANG_WARN_UNREACHABLE_CODE = YES;
				CLANG_WARN__DUPLICATE_METHOD_MATCH = YES;
				COPY_PHASE_STRIP = NO;
				DEBUG_INFORMATION_FORMAT = "dwarf-with-dsym";
				ENABLE_NS_ASSERTIONS = NO;
				ENABLE_STRICT_OBJC_MSGSEND = YES;
				GCC_C_LANGUAGE_STANDARD = gnu11;
				GCC_NO_COMMON_BLOCKS = YES;
				GCC_WARN_64_TO_32_BIT_CONVERSION = YES;
				GCC_WARN_ABOUT_RETURN_TYPE = YES_ERROR;
				GCC_WARN_UNDECLARED_SELECTOR = YES;
				GCC_WARN_UNINITIALIZED_AUTOS = YES_AGGRESSIVE;
				GCC_WARN_UNUSED_FUNCTION = YES;
				GCC_WARN_UNUSED_VARIABLE = YES;
				IPHONEOS_DEPLOYMENT_TARGET = 13.2;
				MTL_ENABLE_DEBUG_INFO = NO;
				MTL_FAST_MATH = YES;
				SDKROOT = iphoneos;
				SWIFT_COMPILATION_MODE = wholemodule;
				SWIFT_OPTIMIZATION_LEVEL = "-O";
				VALIDATE_PRODUCT = YES;
			};
			name = Release;
		};
		95F2D6E6251A6BFB0049FFC9 /* Debug */ = {
			isa = XCBuildConfiguration;
			buildSettings = {
				ASSETCATALOG_COMPILER_APPICON_NAME = AppIcon;
				CODE_SIGN_STYLE = Automatic;
				DEVELOPMENT_TEAM = Y57ASA3Y8S;
				INFOPLIST_FILE = BabyBirthday/Info.plist;
				LD_RUNPATH_SEARCH_PATHS = (
					"$(inherited)",
					"@executable_path/Frameworks",
				);
				PRODUCT_BUNDLE_IDENTIFIER = Hamster.BabyBirthday;
				PRODUCT_NAME = "$(TARGET_NAME)";
				SWIFT_VERSION = 5.0;
				TARGETED_DEVICE_FAMILY = "1,2";
			};
			name = Debug;
		};
		95F2D6E7251A6BFB0049FFC9 /* Release */ = {
			isa = XCBuildConfiguration;
			buildSettings = {
				ASSETCATALOG_COMPILER_APPICON_NAME = AppIcon;
				CODE_SIGN_STYLE = Automatic;
				DEVELOPMENT_TEAM = Y57ASA3Y8S;
				INFOPLIST_FILE = BabyBirthday/Info.plist;
				LD_RUNPATH_SEARCH_PATHS = (
					"$(inherited)",
					"@executable_path/Frameworks",
				);
				PRODUCT_BUNDLE_IDENTIFIER = Hamster.BabyBirthday;
				PRODUCT_NAME = "$(TARGET_NAME)";
				SWIFT_VERSION = 5.0;
				TARGETED_DEVICE_FAMILY = "1,2";
			};
			name = Release;
		};
/* End XCBuildConfiguration section */

/* Begin XCConfigurationList section */
		95F2D6CC251A6BFA0049FFC9 /* Build configuration list for PBXProject "BabyBirthday" */ = {
			isa = XCConfigurationList;
			buildConfigurations = (
				95F2D6E3251A6BFB0049FFC9 /* Debug */,
				95F2D6E4251A6BFB0049FFC9 /* Release */,
			);
			defaultConfigurationIsVisible = 0;
			defaultConfigurationName = Release;
		};
		95F2D6E5251A6BFB0049FFC9 /* Build configuration list for PBXNativeTarget "BabyBirthday" */ = {
			isa = XCConfigurationList;
			buildConfigurations = (
				95F2D6E6251A6BFB0049FFC9 /* Debug */,
				95F2D6E7251A6BFB0049FFC9 /* Release */,
			);
			defaultConfigurationIsVisible = 0;
			defaultConfigurationName = Release;
		};
/* End XCConfigurationList section */
	};
	rootObject = 95F2D6C9251A6BFA0049FFC9 /* Project object */;
}
